
Microsoft Visual Studio Solution File, Format Version 12.00
# Visual Studio Version 16
VisualStudioVersion = 25.0.1706.14
MinimumVisualStudioVersion = 10.0.40219.1
Project("{FAE04EC0-301F-11D3-BF4B-00C04F79EFBC}") = "Plasma-Cipher", "Plasma-Cipher\Plasma-Cipher.csproj", "{81A283C8-5A18-446F-800C-4AE8F2500ED9}"
EndProject
Global
	GlobalSection(SolutionConfigurationPlatforms) = preSolution
		Debug|Any CPU = Debug|Any CPU
		Release|Any CPU = Release|Any CPU
	EndGlobalSection
	GlobalSection(ProjectConfigurationPlatforms) = postSolution
		{81A283C8-5A18-446F-800C-4AE8F2500ED9}.Debug|Any CPU.ActiveCfg = Debug|Any CPU
		{81A283C8-5A18-446F-800C-4AE8F2500ED9}.Debug|Any CPU.Build.0 = Debug|Any CPU
		{81A283C8-5A18-446F-800C-4AE8F2500ED9}.Release|Any CPU.ActiveCfg = Release|Any CPU
		{81A283C8-5A18-446F-800C-4AE8F2500ED9}.Release|Any CPU.Build.0 = Release|Any CPU
	EndGlobalSection
	GlobalSection(SolutionProperties) = preSolution
		HideSolutionNode = FALSE
	EndGlobalSection
	GlobalSection(ExtensibilityGlobals) = postSolution
		SolutionGuid = {3F06CDB4-CD1D-459E-A7F1-1664A6E1FC58}
	EndGlobalSection
EndGlobal
